
Microsoft Visual Studio Solution File, Format Version 12.00
# Visual Studio 15
VisualStudioVersion = 15.0.28307.329
MinimumVisualStudioVersion = 10.0.40219.1
Project("{FAE04EC0-301F-11D3-BF4B-00C04F79EFBC}") = "HwAdo-6", "HwAdo-6\HwAdo-6.csproj", "{E0D56AEC-A042-428B-A382-86E7F124AB82}"
EndProject
Project("{FAE04EC0-301F-11D3-BF4B-00C04F79EFBC}") = "HwAdo-6.DataAccess", "HwAdo-6.DataAccess\HwAdo-6.DataAccess.csproj", "{3B08C47D-B4CF-4F5F-962C-A06E707B4D68}"
EndProject
Global
	GlobalSection(SolutionConfigurationPlatforms) = preSolution
		Debug|Any CPU = Debug|Any CPU
		Release|Any CPU = Release|Any CPU
	EndGlobalSection
	GlobalSection(ProjectConfigurationPlatforms) = postSolution
		{E0D56AEC-A042-428B-A382-86E7F124AB82}.Debug|Any CPU.ActiveCfg = Debug|Any CPU
		{E0D56AEC-A042-428B-A382-86E7F124AB82}.Debug|Any CPU.Build.0 = Debug|Any CPU
		{E0D56AEC-A042-428B-A382-86E7F124AB82}.Release|Any CPU.ActiveCfg = Release|Any CPU
		{E0D56AEC-A042-428B-A382-86E7F124AB82}.Release|Any CPU.Build.0 = Release|Any CPU
		{3B08C47D-B4CF-4F5F-962C-A06E707B4D68}.Debug|Any CPU.ActiveCfg = Debug|Any CPU
		{3B08C47D-B4CF-4F5F-962C-A06E707B4D68}.Debug|Any CPU.Build.0 = Debug|Any CPU
		{3B08C47D-B4CF-4F5F-962C-A06E707B4D68}.Release|Any CPU.ActiveCfg = Release|Any CPU
		{3B08C47D-B4CF-4F5F-962C-A06E707B4D68}.Release|Any CPU.Build.0 = Release|Any CPU
	EndGlobalSection
	GlobalSection(SolutionProperties) = preSolution
		HideSolutionNode = FALSE
	EndGlobalSection
	GlobalSection(ExtensibilityGlobals) = postSolution
		SolutionGuid = {37DFB9B0-D2FC-4BCF-96E0-2A79EDEF8594}
	EndGlobalSection
EndGlobal
